// !$*UTF8*$!
{
	archiveVersion = 1;
	classes = {
	};
	objectVersion = 50;
	objects = {

/* Begin PBXBuildFile section */
		2AB160B92101705300EE6D68 /* AppDelegate.swift in Sources */ = {isa = PBXBuildFile; fileRef = 2AB160B82101705300EE6D68 /* AppDelegate.swift */; };
		2AB160BB2101705300EE6D68 /* ViewController.swift in Sources */ = {isa = PBXBuildFile; fileRef = 2AB160BA2101705300EE6D68 /* ViewController.swift */; };
		2AB160BE2101705300EE6D68 /* Main.storyboard in Resources */ = {isa = PBXBuildFile; fileRef = 2AB160BC2101705300EE6D68 /* Main.storyboard */; };
		2AB160C02101705F00EE6D68 /* Assets.xcassets in Resources */ = {isa = PBXBuildFile; fileRef = 2AB160BF2101705F00EE6D68 /* Assets.xcassets */; };
		2AB160C32101705F00EE6D68 /* LaunchScreen.storyboard in Resources */ = {isa = PBXBuildFile; fileRef = 2AB160C12101705F00EE6D68 /* LaunchScreen.storyboard */; };
		2AB160CB210174EB00EE6D68 /* MatchedViewController.swift in Sources */ = {isa = PBXBuildFile; fileRef = 2AB160CA210174EB00EE6D68 /* MatchedViewController.swift */; };
/* End PBXBuildFile section */

/* Begin PBXFileReference section */
		2AB160B52101705300EE6D68 /* UThere.app */ = {isa = PBXFileReference; explicitFileType = wrapper.application; includeInIndex = 0; path = UThere.app; sourceTree = BUILT_PRODUCTS_DIR; };
		2AB160B82101705300EE6D68 /* AppDelegate.swift */ = {isa = PBXFileReference; lastKnownFileType = sourcecode.swift; path = AppDelegate.swift; sourceTree = "<group>"; };
		2AB160BA2101705300EE6D68 /* ViewController.swift */ = {isa = PBXFileReference; lastKnownFileType = sourcecode.swift; path = ViewController.swift; sourceTree = "<group>"; };
		2AB160BD2101705300EE6D68 /* Base */ = {isa = PBXFileReference; lastKnownFileType = file.storyboard; name = Base; path = Base.lproj/Main.storyboard; sourceTree = "<group>"; };
		2AB160BF2101705F00EE6D68 /* Assets.xcassets */ = {isa = PBXFileReference; lastKnownFileType = folder.assetcatalog; path = Assets.xcassets; sourceTree = "<group>"; };
		2AB160C22101705F00EE6D68 /* Base */ = {isa = PBXFileReference; lastKnownFileType = file.storyboard; name = Base; path = Base.lproj/LaunchScreen.storyboard; sourceTree = "<group>"; };
		2AB160C42101705F00EE6D68 /* Info.plist */ = {isa = PBXFileReference; lastKnownFileType = text.plist.xml; path = Info.plist; sourceTree = "<group>"; };
		2AB160CA210174EB00EE6D68 /* MatchedViewController.swift */ = {isa = PBXFileReference; lastKnownFileType = sourcecode.swift; path = MatchedViewController.swift; sourceTree = "<group>"; };
		2AB160CC21017D9200EE6D68 /* UThere.entitlements */ = {isa = PBXFileReference; lastKnownFileType = text.plist.entitlements; path = UThere.entitlements; sourceTree = "<group>"; };
/* End PBXFileReference section */

/* Begin PBXFrameworksBuildPhase section */
		2AB160B22101705300EE6D68 /* Frameworks */ = {
			isa = PBXFrameworksBuildPhase;
			buildActionMask = 2147483647;
			files = (
			);
			runOnlyForDeploymentPostprocessing = 0;
		};
/* End PBXFrameworksBuildPhase section */

/* Begin PBXGroup section */
		2AB160AC2101705200EE6D68 = {
			isa = PBXGroup;
			children = (
				2AB160B72101705300EE6D68 /* UThere */,
				2AB160B62101705300EE6D68 /* Products */,
			);
			sourceTree = "<group>";
		};
		2AB160B62101705300EE6D68 /* Products */ = {
			isa = PBXGroup;
			children = (
				2AB160B52101705300EE6D68 /* UThere.app */,
			);
			name = Products;
			sourceTree = "<group>";
		};
		2AB160B72101705300EE6D68 /* UThere */ = {
			isa = PBXGroup;
			children = (
				2AB160CC21017D9200EE6D68 /* UThere.entitlements */,
				2AB160B82101705300EE6D68 /* AppDelegate.swift */,
				2AB160BA2101705300EE6D68 /* ViewController.swift */,
				2AB160BC2101705300EE6D68 /* Main.storyboard */,
				2AB160BF2101705F00EE6D68 /* Assets.xcassets */,
				2AB160C12101705F00EE6D68 /* LaunchScreen.storyboard */,
				2AB160C42101705F00EE6D68 /* Info.plist */,
				2AB160CA210174EB00EE6D68 /* MatchedViewController.swift */,
			);
			path = UThere;
			sourceTree = "<group>";
		};
/* End PBXGroup section */

/* Begin PBXNativeTarget section */
		2AB160B42101705300EE6D68 /* UThere */ = {
			isa = PBXNativeTarget;
			buildConfigurationList = 2AB160C72101705F00EE6D68 /* Build configuration list for PBXNativeTarget "UThere" */;
			buildPhases = (
				2AB160B12101705300EE6D68 /* Sources */,
				2AB160B22101705300EE6D68 /* Frameworks */,
				2AB160B32101705300EE6D68 /* Resources */,
			);
			buildRules = (
			);
			dependencies = (
			);
			name = UThere;
			productName = UThere;
			productReference = 2AB160B52101705300EE6D68 /* UThere.app */;
			productType = "com.apple.product-type.application";
		};
/* End PBXNativeTarget section */

/* Begin PBXProject section */
		2AB160AD2101705200EE6D68 /* Project object */ = {
			isa = PBXProject;
			attributes = {
				LastSwiftUpdateCheck = 0940;
				LastUpgradeCheck = 0940;
				ORGANIZATIONNAME = Pangers;
				TargetAttributes = {
					2AB160B42101705300EE6D68 = {
						CreatedOnToolsVersion = 9.4.1;
						SystemCapabilities = {
							com.apple.Push = {
								enabled = 1;
							};
						};
					};
				};
			};
			buildConfigurationList = 2AB160B02101705200EE6D68 /* Build configuration list for PBXProject "UThere" */;
			compatibilityVersion = "Xcode 9.3";
			developmentRegion = en;
			hasScannedForEncodings = 0;
			knownRegions = (
				en,
				Base,
			);
			mainGroup = 2AB160AC2101705200EE6D68;
			productRefGroup = 2AB160B62101705300EE6D68 /* Products */;
			projectDirPath = "";
			projectRoot = "";
			targets = (
				2AB160B42101705300EE6D68 /* UThere */,
			);
		};
/* End PBXProject section */

/* Begin PBXResourcesBuildPhase section */
		2AB160B32101705300EE6D68 /* Resources */ = {
			isa = PBXResourcesBuildPhase;
			buildActionMask = 2147483647;
			files = (
				2AB160C32101705F00EE6D68 /* LaunchScreen.storyboard in Resources */,
				2AB160C02101705F00EE6D68 /* Assets.xcassets in Resources */,
				2AB160BE2101705300EE6D68 /* Main.storyboard in Resources */,
			);
			runOnlyForDeploymentPostprocessing = 0;
		};
/* End PBXResourcesBuildPhase section */

/* Begin PBXSourcesBuildPhase section */
		2AB160B12101705300EE6D68 /* Sources */ = {
			isa = PBXSourcesBuildPhase;
			buildActionMask = 2147483647;
			files = (
				2AB160BB2101705300EE6D68 /* ViewController.swift in Sources */,
				2AB160CB210174EB00EE6D68 /* MatchedViewController.swift in Sources */,
				2AB160B92101705300EE6D68 /* AppDelegate.swift in Sources */,
			);
			runOnlyForDeploymentPostprocessing = 0;
		};
/* End PBXSourcesBuildPhase section */

/* Begin PBXVariantGroup section */
		2AB160BC2101705300EE6D68 /* Main.storyboard */ = {
			isa = PBXVariantGroup;
			children = (
				2AB160BD2101705300EE6D68 /* Base */,
			);
			name = Main.storyboard;
			sourceTree = "<group>";
		};
		2AB160C12101705F00EE6D68 /* LaunchScreen.storyboard */ = {
			isa = PBXVariantGroup;
			children = (
				2AB160C22101705F00EE6D68 /* Base */,
			);
			name = LaunchScreen.storyboard;
			sourceTree = "<group>";
		};
/* End PBXVariantGroup section */

/* Begin XCBuildConfiguration section */
		2AB160C52101705F00EE6D68 /* Debug */ = {
			isa = XCBuildConfiguration;
			buildSettings = {
				ALWAYS_SEARCH_USER_PATHS = NO;
				CLANG_ANALYZER_NONNULL = YES;
				CLANG_ANALYZER_NUMBER_OBJECT_CONVERSION = YES_AGGRESSIVE;
				CLANG_CXX_LANGUAGE_STANDARD = "gnu++14";
				CLANG_CXX_LIBRARY = "libc++";
				CLANG_ENABLE_MODULES = YES;
				CLANG_ENABLE_OBJC_ARC = YES;
				CLANG_ENABLE_OBJC_WEAK = YES;
				CLANG_WARN_BLOCK_CAPTURE_AUTORELEASING = YES;
				CLANG_WARN_BOOL_CONVERSION = YES;
				CLANG_WARN_COMMA = YES;
				CLANG_WARN_CONSTANT_CONVERSION = YES;
				CLANG_WARN_DEPRECATED_OBJC_IMPLEMENTATIONS = YES;
				CLANG_WARN_DIRECT_OBJC_ISA_USAGE = YES_ERROR;
				CLANG_WARN_DOCUMENTATION_COMMENTS = YES;
				CLANG_WARN_EMPTY_BODY = YES;
				CLANG_WARN_ENUM_CONVERSION = YES;
				CLANG_WARN_INFINITE_RECURSION = YES;
				CLANG_WARN_INT_CONVERSION = YES;
				CLANG_WARN_NON_LITERAL_NULL_CONVERSION = YES;
				CLANG_WARN_OBJC_IMPLICIT_RETAIN_SELF = YES;
				CLANG_WARN_OBJC_LITERAL_CONVERSION = YES;
				CLANG_WARN_OBJC_ROOT_CLASS = YES_ERROR;
				CLANG_WARN_RANGE_LOOP_ANALYSIS = YES;
				CLANG_WARN_STRICT_PROTOTYPES = YES;
				CLANG_WARN_SUSPICIOUS_MOVE = YES;
				CLANG_WARN_UNGUARDED_AVAILABILITY = YES_AGGRESSIVE;
				CLANG_WARN_UNREACHABLE_CODE = YES;
				CLANG_WARN__DUPLICATE_METHOD_MATCH = YES;
				CODE_SIGN_IDENTITY = "iPhone Developer";
				COPY_PHASE_STRIP = NO;
				DEBUG_INFORMATION_FORMAT = dwarf;
				ENABLE_STRICT_OBJC_MSGSEND = YES;
				ENABLE_TESTABILITY = YES;
				GCC_C_LANGUAGE_STANDARD = gnu11;
				GCC_DYNAMIC_NO_PIC = NO;
				GCC_NO_COMMON_BLOCKS = YES;
				GCC_OPTIMIZATION_LEVEL = 0;
				GCC_PREPROCESSOR_DEFINITIONS = (
					"DEBUG=1",
					"$(inherited)",
				);
				GCC_WARN_64_TO_32_BIT_CONVERSION = YES;
				GCC_WARN_ABOUT_RETURN_TYPE = YES_ERROR;
				GCC_WARN_UNDECLARED_SELECTOR = YES;
				GCC_WARN_UNINITIALIZED_AUTOS = YES_AGGRESSIVE;
				GCC_WARN_UNUSED_FUNCTION = YES;
				GCC_WARN_UNUSED_VARIABLE = YES;
				IPHONEOS_DEPLOYMENT_TARGET = 11.4;
				MTL_ENABLE_DEBUG_INFO = YES;
				ONLY_ACTIVE_ARCH = YES;
				SDKROOT = iphoneos;
				SWIFT_ACTIVE_COMPILATION_CONDITIONS = DEBUG;
				SWIFT_OPTIMIZATION_LEVEL = "-Onone";
			};
			name = Debug;
		};
		2AB160C62101705F00EE6D68 /* Release */ = {
			isa = XCBuildConfiguration;
			buildSettings = {
				ALWAYS_SEARCH_USER_PATHS = NO;
				CLANG_ANALYZER_NONNULL = YES;
				CLANG_ANALYZER_NUMBER_OBJECT_CONVERSION = YES_AGGRESSIVE;
				CLANG_CXX_LANGUAGE_STANDARD = "gnu++14";
				CLANG_CXX_LIBRARY = "libc++";
				CLANG_ENABLE_MODULES = YES;
				CLANG_ENABLE_OBJC_ARC = YES;
				CLANG_ENABLE_OBJC_WEAK = YES;
				CLANG_WARN_BLOCK_CAPTURE_AUTORELEASING = YES;
				CLANG_WARN_BOOL_CONVERSION = YES;
				CLANG_WARN_COMMA = YES;
				CLANG_WARN_CONSTANT_CONVERSION = YES;
				CLANG_WARN_DEPRECATED_OBJC_IMPLEMENTATIONS = YES;
				CLANG_WARN_DIRECT_OBJC_ISA_USAGE = YES_ERROR;
				CLANG_WARN_DOCUMENTATION_COMMENTS = YES;
				CLANG_WARN_EMPTY_BODY = YES;
				CLANG_WARN_ENUM_CONVERSION = YES;
				CLANG_WARN_INFINITE_RECURSION = YES;
				CLANG_WARN_INT_CONVERSION = YES;
				CLANG_WARN_NON_LITERAL_NULL_CONVERSION = YES;
				CLANG_WARN_OBJC_IMPLICIT_RETAIN_SELF = YES;
				CLANG_WARN_OBJC_LITERAL_CONVERSION = YES;
				CLANG_WARN_OBJC_ROOT_CLASS = YES_ERROR;
				CLANG_WARN_RANGE_LOOP_ANALYSIS = YES;
				CLANG_WARN_STRICT_PROTOTYPES = YES;
				CLANG_WARN_SUSPICIOUS_MOVE = YES;
				CLANG_WARN_UNGUARDED_AVAILABILITY = YES_AGGRESSIVE;
				CLANG_WARN_UNREACHABLE_CODE = YES;
				CLANG_WARN__DUPLICATE_METHOD_MATCH = YES;
				CODE_SIGN_IDENTITY = "iPhone Developer";
				COPY_PHASE_STRIP = NO;
				DEBUG_INFORMATION_FORMAT = "dwarf-with-dsym";
				ENABLE_NS_ASSERTIONS = NO;
				ENABLE_STRICT_OBJC_MSGSEND = YES;
				GCC_C_LANGUAGE_STANDARD = gnu11;
				GCC_NO_COMMON_BLOCKS = YES;
				GCC_WARN_64_TO_32_BIT_CONVERSION = YES;
				GCC_WARN_ABOUT_RETURN_TYPE = YES_ERROR;
				GCC_WARN_UNDECLARED_SELECTOR = YES;
				GCC_WARN_UNINITIALIZED_AUTOS = YES_AGGRESSIVE;
				GCC_WARN_UNUSED_FUNCTION = YES;
				GCC_WARN_UNUSED_VARIABLE = YES;
				IPHONEOS_DEPLOYMENT_TARGET = 11.4;
				MTL_ENABLE_DEBUG_INFO = NO;
				SDKROOT = iphoneos;
				SWIFT_COMPILATION_MODE = wholemodule;
				SWIFT_OPTIMIZATION_LEVEL = "-O";
				VALIDATE_PRODUCT = YES;
			};
			name = Release;
		};
		2AB160C82101705F00EE6D68 /* Debug */ = {
			isa = XCBuildConfiguration;
			buildSettings = {
				ASSETCATALOG_COMPILER_APPICON_NAME = AppIcon;
				CODE_SIGN_ENTITLEMENTS = UThere/UThere.entitlements;
				CODE_SIGN_STYLE = Automatic;
				DEVELOPMENT_TEAM = 3W2L7QF9AH;
				INFOPLIST_FILE = UThere/Info.plist;
				IPHONEOS_DEPLOYMENT_TARGET = 11.0;
				LD_RUNPATH_SEARCH_PATHS = (
					"$(inherited)",
					"@executable_path/Frameworks",
				);
				PRODUCT_BUNDLE_IDENTIFIER = com.pangers.UThere;
				PRODUCT_NAME = "$(TARGET_NAME)";
				SWIFT_VERSION = 4.0;
				TARGETED_DEVICE_FAMILY = "1,2";
			};
			name = Debug;
		};
		2AB160C92101705F00EE6D68 /* Release */ = {
			isa = XCBuildConfiguration;
			buildSettings = {
				ASSETCATALOG_COMPILER_APPICON_NAME = AppIcon;
				CODE_SIGN_ENTITLEMENTS = UThere/UThere.entitlements;
				CODE_SIGN_STYLE = Automatic;
				DEVELOPMENT_TEAM = 3W2L7QF9AH;
				INFOPLIST_FILE = UThere/Info.plist;
				IPHONEOS_DEPLOYMENT_TARGET = 11.0;
				LD_RUNPATH_SEARCH_PATHS = (
					"$(inherited)",
					"@executable_path/Frameworks",
				);
				PRODUCT_BUNDLE_IDENTIFIER = com.pangers.UThere;
				PRODUCT_NAME = "$(TARGET_NAME)";
				SWIFT_VERSION = 4.0;
				TARGETED_DEVICE_FAMILY = "1,2";
			};
			name = Release;
		};
/* End XCBuildConfiguration section */

/* Begin XCConfigurationList section */
		2AB160B02101705200EE6D68 /* Build configuration list for PBXProject "UThere" */ = {
			isa = XCConfigurationList;
			buildConfigurations = (
				2AB160C52101705F00EE6D68 /* Debug */,
				2AB160C62101705F00EE6D68 /* Release */,
			);
			defaultConfigurationIsVisible = 0;
			defaultConfigurationName = Release;
		};
		2AB160C72101705F00EE6D68 /* Build configuration list for PBXNativeTarget "UThere" */ = {
			isa = XCConfigurationList;
			buildConfigurations = (
				2AB160C82101705F00EE6D68 /* Debug */,
				2AB160C92101705F00EE6D68 /* Release */,
			);
			defaultConfigurationIsVisible = 0;
			defaultConfigurationName = Release;
		};
/* End XCConfigurationList section */
	};
	rootObject = 2AB160AD2101705200EE6D68 /* Project object */;
}
